
Microsoft Visual Studio Solution File, Format Version 12.00
# Visual Studio 15
VisualStudioVersion = 15.0.26711.1
MinimumVisualStudioVersion = 10.0.40219.1
Project("{2150E333-8FDC-42A3-9474-1A3956D46DE8}") = "Documents", "Documents", "{7FC6C7F0-A67A-41EC-A2B1-43CF095726D4}"
	ProjectSection(SolutionItems) = preProject
		ChangeLog.md = ChangeLog.md
		Readme.md = Readme.md
	EndProjectSection
EndProject
Project("{2150E333-8FDC-42A3-9474-1A3956D46DE8}") = "Sample and Tests", "Sample and Tests", "{0BA85EAE-8A25-4B4A-8ACF-553D14C3BAE1}"
EndProject
Project("{9A19103F-16F7-4668-BE54-9A1E7A4F7556}") = "Westwind.Globalization.Core", "Westwind.Globalization.Core\Westwind.Globalization.Core.csproj", "{40744647-0F2E-4CFC-9EC7-EAB44A1AFFBD}"
EndProject
Project("{9A19103F-16F7-4668-BE54-9A1E7A4F7556}") = "Westwind.Globalization.Core.Web", "Westwind.Globalization.Core.Web\Westwind.Globalization.Core.Web.csproj", "{09AD29AE-CC86-4A4F-9189-20ECA2F1C2D5}"
EndProject
Project("{9A19103F-16F7-4668-BE54-9A1E7A4F7556}") = "Westwind.Globalization.Core.Test", "Westwind.Globalization.Core.Test\Westwind.Globalization.Core.Test.csproj", "{81D46186-06F2-47B2-8E45-8360BF61AE9A}"
EndProject
Project("{9A19103F-16F7-4668-BE54-9A1E7A4F7556}") = "Westwind.Globalization.Core.Sample", "Westwind.Globalization.Core.Sample\Westwind.Globalization.Core.Sample.csproj", "{C60E818A-93AF-4B74-80A3-1265C0AD4127}"
EndProject
Project("{2150E333-8FDC-42A3-9474-1A3956D46DE8}") = "_Solution Items_", "_Solution Items_", "{42C3D57A-4056-4F71-B9C3-CA1A25A9B4F9}"
	ProjectSection(SolutionItems) = preProject
		.gitignore = .gitignore
	EndProjectSection
EndProject
Global
	GlobalSection(SolutionConfigurationPlatforms) = preSolution
		Debug|Any CPU = Debug|Any CPU
		Debug|x64 = Debug|x64
		Debug|x86 = Debug|x86
		DemoMode|Any CPU = DemoMode|Any CPU
		DemoMode|x64 = DemoMode|x64
		DemoMode|x86 = DemoMode|x86
		Deploy|Any CPU = Deploy|Any CPU
		Deploy|x64 = Deploy|x64
		Deploy|x86 = Deploy|x86
		net40|Any CPU = net40|Any CPU
		net40|x64 = net40|x64
		net40|x86 = net40|x86
		Release|Any CPU = Release|Any CPU
		Release|x64 = Release|x64
		Release|x86 = Release|x86
		SandBox|Any CPU = SandBox|Any CPU
		SandBox|x64 = SandBox|x64
		SandBox|x86 = SandBox|x86
	EndGlobalSection
	GlobalSection(ProjectConfigurationPlatforms) = postSolution
		{40744647-0F2E-4CFC-9EC7-EAB44A1AFFBD}.Debug|Any CPU.ActiveCfg = Debug|Any CPU
		{40744647-0F2E-4CFC-9EC7-EAB44A1AFFBD}.Debug|Any CPU.Build.0 = Debug|Any CPU
		{40744647-0F2E-4CFC-9EC7-EAB44A1AFFBD}.Debug|x64.ActiveCfg = Debug|Any CPU
		{40744647-0F2E-4CFC-9EC7-EAB44A1AFFBD}.Debug|x64.Build.0 = Debug|Any CPU
		{40744647-0F2E-4CFC-9EC7-EAB44A1AFFBD}.Debug|x86.ActiveCfg = Debug|Any CPU
		{40744647-0F2E-4CFC-9EC7-EAB44A1AFFBD}.Debug|x86.Build.0 = Debug|Any CPU
		{40744647-0F2E-4CFC-9EC7-EAB44A1AFFBD}.DemoMode|Any CPU.ActiveCfg = Debug|Any CPU
		{40744647-0F2E-4CFC-9EC7-EAB44A1AFFBD}.DemoMode|Any CPU.Build.0 = Debug|Any CPU
		{40744647-0F2E-4CFC-9EC7-EAB44A1AFFBD}.DemoMode|x64.ActiveCfg = Debug|Any CPU
		{40744647-0F2E-4CFC-9EC7-EAB44A1AFFBD}.DemoMode|x64.Build.0 = Debug|Any CPU
		{40744647-0F2E-4CFC-9EC7-EAB44A1AFFBD}.DemoMode|x86.ActiveCfg = Debug|Any CPU
		{40744647-0F2E-4CFC-9EC7-EAB44A1AFFBD}.DemoMode|x86.Build.0 = Debug|Any CPU
		{40744647-0F2E-4CFC-9EC7-EAB44A1AFFBD}.Deploy|Any CPU.ActiveCfg = Debug|Any CPU
		{40744647-0F2E-4CFC-9EC7-EAB44A1AFFBD}.Deploy|Any CPU.Build.0 = Debug|Any CPU
		{40744647-0F2E-4CFC-9EC7-EAB44A1AFFBD}.Deploy|x64.ActiveCfg = Debug|Any CPU
		{40744647-0F2E-4CFC-9EC7-EAB44A1AFFBD}.Deploy|x64.Build.0 = Debug|Any CPU
		{40744647-0F2E-4CFC-9EC7-EAB44A1AFFBD}.Deploy|x86.ActiveCfg = Debug|Any CPU
		{40744647-0F2E-4CFC-9EC7-EAB44A1AFFBD}.Deploy|x86.Build.0 = Debug|Any CPU
		{40744647-0F2E-4CFC-9EC7-EAB44A1AFFBD}.net40|Any CPU.ActiveCfg = Release|Any CPU
		{40744647-0F2E-4CFC-9EC7-EAB44A1AFFBD}.net40|Any CPU.Build.0 = Release|Any CPU
		{40744647-0F2E-4CFC-9EC7-EAB44A1AFFBD}.net40|x64.ActiveCfg = Release|Any CPU
		{40744647-0F2E-4CFC-9EC7-EAB44A1AFFBD}.net40|x64.Build.0 = Release|Any CPU
		{40744647-0F2E-4CFC-9EC7-EAB44A1AFFBD}.net40|x86.ActiveCfg = Release|Any CPU
		{40744647-0F2E-4CFC-9EC7-EAB44A1AFFBD}.net40|x86.Build.0 = Release|Any CPU
		{40744647-0F2E-4CFC-9EC7-EAB44A1AFFBD}.Release|Any CPU.ActiveCfg = Release|Any CPU
		{40744647-0F2E-4CFC-9EC7-EAB44A1AFFBD}.Release|Any CPU.Build.0 = Release|Any CPU
		{40744647-0F2E-4CFC-9EC7-EAB44A1AFFBD}.Release|x64.ActiveCfg = Release|Any CPU
		{40744647-0F2E-4CFC-9EC7-EAB44A1AFFBD}.Release|x64.Build.0 = Release|Any CPU
		{40744647-0F2E-4CFC-9EC7-EAB44A1AFFBD}.Release|x86.ActiveCfg = Release|Any CPU
		{40744647-0F2E-4CFC-9EC7-EAB44A1AFFBD}.Release|x86.Build.0 = Release|Any CPU
		{40744647-0F2E-4CFC-9EC7-EAB44A1AFFBD}.SandBox|Any CPU.ActiveCfg = Release|Any CPU
		{40744647-0F2E-4CFC-9EC7-EAB44A1AFFBD}.SandBox|Any CPU.Build.0 = Release|Any CPU
		{40744647-0F2E-4CFC-9EC7-EAB44A1AFFBD}.SandBox|x64.ActiveCfg = Release|Any CPU
		{40744647-0F2E-4CFC-9EC7-EAB44A1AFFBD}.SandBox|x64.Build.0 = Release|Any CPU
		{40744647-0F2E-4CFC-9EC7-EAB44A1AFFBD}.SandBox|x86.ActiveCfg = Release|Any CPU
		{40744647-0F2E-4CFC-9EC7-EAB44A1AFFBD}.SandBox|x86.Build.0 = Release|Any CPU
		{09AD29AE-CC86-4A4F-9189-20ECA2F1C2D5}.Debug|Any CPU.ActiveCfg = Debug|Any CPU
		{09AD29AE-CC86-4A4F-9189-20ECA2F1C2D5}.Debug|Any CPU.Build.0 = Debug|Any CPU
		{09AD29AE-CC86-4A4F-9189-20ECA2F1C2D5}.Debug|x64.ActiveCfg = Debug|Any CPU
		{09AD29AE-CC86-4A4F-9189-20ECA2F1C2D5}.Debug|x64.Build.0 = Debug|Any CPU
		{09AD29AE-CC86-4A4F-9189-20ECA2F1C2D5}.Debug|x86.ActiveCfg = Debug|Any CPU
		{09AD29AE-CC86-4A4F-9189-20ECA2F1C2D5}.Debug|x86.Build.0 = Debug|Any CPU
		{09AD29AE-CC86-4A4F-9189-20ECA2F1C2D5}.DemoMode|Any CPU.ActiveCfg = Debug|Any CPU
		{09AD29AE-CC86-4A4F-9189-20ECA2F1C2D5}.DemoMode|Any CPU.Build.0 = Debug|Any CPU
		{09AD29AE-CC86-4A4F-9189-20ECA2F1C2D5}.DemoMode|x64.ActiveCfg = Debug|Any CPU
		{09AD29AE-CC86-4A4F-9189-20ECA2F1C2D5}.DemoMode|x64.Build.0 = Debug|Any CPU
		{09AD29AE-CC86-4A4F-9189-20ECA2F1C2D5}.DemoMode|x86.ActiveCfg = Debug|Any CPU
		{09AD29AE-CC86-4A4F-9189-20ECA2F1C2D5}.DemoMode|x86.Build.0 = Debug|Any CPU
		{09AD29AE-CC86-4A4F-9189-20ECA2F1C2D5}.Deploy|Any CPU.ActiveCfg = Debug|Any CPU
		{09AD29AE-CC86-4A4F-9189-20ECA2F1C2D5}.Deploy|Any CPU.Build.0 = Debug|Any CPU
		{09AD29AE-CC86-4A4F-9189-20ECA2F1C2D5}.Deploy|x64.ActiveCfg = Debug|Any CPU
		{09AD29AE-CC86-4A4F-9189-20ECA2F1C2D5}.Deploy|x64.Build.0 = Debug|Any CPU
		{09AD29AE-CC86-4A4F-9189-20ECA2F1C2D5}.Deploy|x86.ActiveCfg = Debug|Any CPU
		{09AD29AE-CC86-4A4F-9189-20ECA2F1C2D5}.Deploy|x86.Build.0 = Debug|Any CPU
		{09AD29AE-CC86-4A4F-9189-20ECA2F1C2D5}.net40|Any CPU.ActiveCfg = Release|Any CPU
		{09AD29AE-CC86-4A4F-9189-20ECA2F1C2D5}.net40|Any CPU.Build.0 = Release|Any CPU
		{09AD29AE-CC86-4A4F-9189-20ECA2F1C2D5}.net40|x64.ActiveCfg = Release|Any CPU
		{09AD29AE-CC86-4A4F-9189-20ECA2F1C2D5}.net40|x64.Build.0 = Release|Any CPU
		{09AD29AE-CC86-4A4F-9189-20ECA2F1C2D5}.net40|x86.ActiveCfg = Release|Any CPU
		{09AD29AE-CC86-4A4F-9189-20ECA2F1C2D5}.net40|x86.Build.0 = Release|Any CPU
		{09AD29AE-CC86-4A4F-9189-20ECA2F1C2D5}.Release|Any CPU.ActiveCfg = Release|Any CPU
		{09AD29AE-CC86-4A4F-9189-20ECA2F1C2D5}.Release|Any CPU.Build.0 = Release|Any CPU
		{09AD29AE-CC86-4A4F-9189-20ECA2F1C2D5}.Release|x64.ActiveCfg = Release|Any CPU
		{09AD29AE-CC86-4A4F-9189-20ECA2F1C2D5}.Release|x64.Build.0 = Release|Any CPU
		{09AD29AE-CC86-4A4F-9189-20ECA2F1C2D5}.Release|x86.ActiveCfg = Release|Any CPU
		{09AD29AE-CC86-4A4F-9189-20ECA2F1C2D5}.Release|x86.Build.0 = Release|Any CPU
		{09AD29AE-CC86-4A4F-9189-20ECA2F1C2D5}.SandBox|Any CPU.ActiveCfg = Release|Any CPU
		{09AD29AE-CC86-4A4F-9189-20ECA2F1C2D5}.SandBox|Any CPU.Build.0 = Release|Any CPU
		{09AD29AE-CC86-4A4F-9189-20ECA2F1C2D5}.SandBox|x64.ActiveCfg = Release|Any CPU
		{09AD29AE-CC86-4A4F-9189-20ECA2F1C2D5}.SandBox|x64.Build.0 = Release|Any CPU
		{09AD29AE-CC86-4A4F-9189-20ECA2F1C2D5}.SandBox|x86.ActiveCfg = Release|Any CPU
		{09AD29AE-CC86-4A4F-9189-20ECA2F1C2D5}.SandBox|x86.Build.0 = Release|Any CPU
		{81D46186-06F2-47B2-8E45-8360BF61AE9A}.Debug|Any CPU.ActiveCfg = Debug|Any CPU
		{81D46186-06F2-47B2-8E45-8360BF61AE9A}.Debug|Any CPU.Build.0 = Debug|Any CPU
		{81D46186-06F2-47B2-8E45-8360BF61AE9A}.Debug|x64.ActiveCfg = Debug|Any CPU
		{81D46186-06F2-47B2-8E45-8360BF61AE9A}.Debug|x64.Build.0 = Debug|Any CPU
		{81D46186-06F2-47B2-8E45-8360BF61AE9A}.Debug|x86.ActiveCfg = Debug|Any CPU
		{81D46186-06F2-47B2-8E45-8360BF61AE9A}.Debug|x86.Build.0 = Debug|Any CPU
		{81D46186-06F2-47B2-8E45-8360BF61AE9A}.DemoMode|Any CPU.ActiveCfg = Debug|Any CPU
		{81D46186-06F2-47B2-8E45-8360BF61AE9A}.DemoMode|Any CPU.Build.0 = Debug|Any CPU
		{81D46186-06F2-47B2-8E45-8360BF61AE9A}.DemoMode|x64.ActiveCfg = Debug|Any CPU
		{81D46186-06F2-47B2-8E45-8360BF61AE9A}.DemoMode|x64.Build.0 = Debug|Any CPU
		{81D46186-06F2-47B2-8E45-8360BF61AE9A}.DemoMode|x86.ActiveCfg = Debug|Any CPU
		{81D46186-06F2-47B2-8E45-8360BF61AE9A}.DemoMode|x86.Build.0 = Debug|Any CPU
		{81D46186-06F2-47B2-8E45-8360BF61AE9A}.Deploy|Any CPU.ActiveCfg = Debug|Any CPU
		{81D46186-06F2-47B2-8E45-8360BF61AE9A}.Deploy|Any CPU.Build.0 = Debug|Any CPU
		{81D46186-06F2-47B2-8E45-8360BF61AE9A}.Deploy|x64.ActiveCfg = Debug|Any CPU
		{81D46186-06F2-47B2-8E45-8360BF61AE9A}.Deploy|x64.Build.0 = Debug|Any CPU
		{81D46186-06F2-47B2-8E45-8360BF61AE9A}.Deploy|x86.ActiveCfg = Debug|Any CPU
		{81D46186-06F2-47B2-8E45-8360BF61AE9A}.Deploy|x86.Build.0 = Debug|Any CPU
		{81D46186-06F2-47B2-8E45-8360BF61AE9A}.net40|Any CPU.ActiveCfg = Release|Any CPU
		{81D46186-06F2-47B2-8E45-8360BF61AE9A}.net40|Any CPU.Build.0 = Release|Any CPU
		{81D46186-06F2-47B2-8E45-8360BF61AE9A}.net40|x64.ActiveCfg = Release|Any CPU
		{81D46186-06F2-47B2-8E45-8360BF61AE9A}.net40|x64.Build.0 = Release|Any CPU
		{81D46186-06F2-47B2-8E45-8360BF61AE9A}.net40|x86.ActiveCfg = Release|Any CPU
		{81D46186-06F2-47B2-8E45-8360BF61AE9A}.net40|x86.Build.0 = Release|Any CPU
		{81D46186-06F2-47B2-8E45-8360BF61AE9A}.Release|Any CPU.ActiveCfg = Release|Any CPU
		{81D46186-06F2-47B2-8E45-8360BF61AE9A}.Release|Any CPU.Build.0 = Release|Any CPU
		{81D46186-06F2-47B2-8E45-8360BF61AE9A}.Release|x64.ActiveCfg = Release|Any CPU
		{81D46186-06F2-47B2-8E45-8360BF61AE9A}.Release|x64.Build.0 = Release|Any CPU
		{81D46186-06F2-47B2-8E45-8360BF61AE9A}.Release|x86.ActiveCfg = Release|Any CPU
		{81D46186-06F2-47B2-8E45-8360BF61AE9A}.Release|x86.Build.0 = Release|Any CPU
		{81D46186-06F2-47B2-8E45-8360BF61AE9A}.SandBox|Any CPU.ActiveCfg = Release|Any CPU
		{81D46186-06F2-47B2-8E45-8360BF61AE9A}.SandBox|Any CPU.Build.0 = Release|Any CPU
		{81D46186-06F2-47B2-8E45-8360BF61AE9A}.SandBox|x64.ActiveCfg = Release|Any CPU
		{81D46186-06F2-47B2-8E45-8360BF61AE9A}.SandBox|x64.Build.0 = Release|Any CPU
		{81D46186-06F2-47B2-8E45-8360BF61AE9A}.SandBox|x86.ActiveCfg = Release|Any CPU
		{81D46186-06F2-47B2-8E45-8360BF61AE9A}.SandBox|x86.Build.0 = Release|Any CPU
		{C60E818A-93AF-4B74-80A3-1265C0AD4127}.Debug|Any CPU.ActiveCfg = Debug|Any CPU
		{C60E818A-93AF-4B74-80A3-1265C0AD4127}.Debug|Any CPU.Build.0 = Debug|Any CPU
		{C60E818A-93AF-4B74-80A3-1265C0AD4127}.Debug|x64.ActiveCfg = Debug|Any CPU
		{C60E818A-93AF-4B74-80A3-1265C0AD4127}.Debug|x64.Build.0 = Debug|Any CPU
		{C60E818A-93AF-4B74-80A3-1265C0AD4127}.Debug|x86.ActiveCfg = Debug|Any CPU
		{C60E818A-93AF-4B74-80A3-1265C0AD4127}.Debug|x86.Build.0 = Debug|Any CPU
		{C60E818A-93AF-4B74-80A3-1265C0AD4127}.DemoMode|Any CPU.ActiveCfg = Debug|Any CPU
		{C60E818A-93AF-4B74-80A3-1265C0AD4127}.DemoMode|Any CPU.Build.0 = Debug|Any CPU
		{C60E818A-93AF-4B74-80A3-1265C0AD4127}.DemoMode|x64.ActiveCfg = Debug|Any CPU
		{C60E818A-93AF-4B74-80A3-1265C0AD4127}.DemoMode|x64.Build.0 = Debug|Any CPU
		{C60E818A-93AF-4B74-80A3-1265C0AD4127}.DemoMode|x86.ActiveCfg = Debug|Any CPU
		{C60E818A-93AF-4B74-80A3-1265C0AD4127}.DemoMode|x86.Build.0 = Debug|Any CPU
		{C60E818A-93AF-4B74-80A3-1265C0AD4127}.Deploy|Any CPU.ActiveCfg = Debug|Any CPU
		{C60E818A-93AF-4B74-80A3-1265C0AD4127}.Deploy|Any CPU.Build.0 = Debug|Any CPU
		{C60E818A-93AF-4B74-80A3-1265C0AD4127}.Deploy|x64.ActiveCfg = Debug|Any CPU
		{C60E818A-93AF-4B74-80A3-1265C0AD4127}.Deploy|x64.Build.0 = Debug|Any CPU
		{C60E818A-93AF-4B74-80A3-1265C0AD4127}.Deploy|x86.ActiveCfg = Debug|Any CPU
		{C60E818A-93AF-4B74-80A3-1265C0AD4127}.Deploy|x86.Build.0 = Debug|Any CPU
		{C60E818A-93AF-4B74-80A3-1265C0AD4127}.net40|Any CPU.ActiveCfg = Release|Any CPU
		{C60E818A-93AF-4B74-80A3-1265C0AD4127}.net40|Any CPU.Build.0 = Release|Any CPU
		{C60E818A-93AF-4B74-80A3-1265C0AD4127}.net40|x64.ActiveCfg = Release|Any CPU
		{C60E818A-93AF-4B74-80A3-1265C0AD4127}.net40|x64.Build.0 = Release|Any CPU
		{C60E818A-93AF-4B74-80A3-1265C0AD4127}.net40|x86.ActiveCfg = Release|Any CPU
		{C60E818A-93AF-4B74-80A3-1265C0AD4127}.net40|x86.Build.0 = Release|Any CPU
		{C60E818A-93AF-4B74-80A3-1265C0AD4127}.Release|Any CPU.ActiveCfg = Release|Any CPU
		{C60E818A-93AF-4B74-80A3-1265C0AD4127}.Release|Any CPU.Build.0 = Release|Any CPU
		{C60E818A-93AF-4B74-80A3-1265C0AD4127}.Release|x64.ActiveCfg = Release|Any CPU
		{C60E818A-93AF-4B74-80A3-1265C0AD4127}.Release|x64.Build.0 = Release|Any CPU
		{C60E818A-93AF-4B74-80A3-1265C0AD4127}.Release|x86.ActiveCfg = Release|Any CPU
		{C60E818A-93AF-4B74-80A3-1265C0AD4127}.Release|x86.Build.0 = Release|Any CPU
		{C60E818A-93AF-4B74-80A3-1265C0AD4127}.SandBox|Any CPU.ActiveCfg = Release|Any CPU
		{C60E818A-93AF-4B74-80A3-1265C0AD4127}.SandBox|Any CPU.Build.0 = Release|Any CPU
		{C60E818A-93AF-4B74-80A3-1265C0AD4127}.SandBox|x64.ActiveCfg = Release|Any CPU
		{C60E818A-93AF-4B74-80A3-1265C0AD4127}.SandBox|x64.Build.0 = Release|Any CPU
		{C60E818A-93AF-4B74-80A3-1265C0AD4127}.SandBox|x86.ActiveCfg = Release|Any CPU
		{C60E818A-93AF-4B74-80A3-1265C0AD4127}.SandBox|x86.Build.0 = Release|Any CPU
	EndGlobalSection
	GlobalSection(SolutionProperties) = preSolution
		HideSolutionNode = FALSE
	EndGlobalSection
	GlobalSection(NestedProjects) = preSolution
		{81D46186-06F2-47B2-8E45-8360BF61AE9A} = {0BA85EAE-8A25-4B4A-8ACF-553D14C3BAE1}
		{C60E818A-93AF-4B74-80A3-1265C0AD4127} = {0BA85EAE-8A25-4B4A-8ACF-553D14C3BAE1}
	EndGlobalSection
	GlobalSection(ExtensibilityGlobals) = postSolution
		SolutionGuid = {4E0206B2-FAFC-433B-B275-C3C28282456B}
	EndGlobalSection
EndGlobal
